
Microsoft Visual Studio Solution File, Format Version 12.00
# Visual Studio 15
VisualStudioVersion = 15.0.26124.0
MinimumVisualStudioVersion = 15.0.26124.0
Project("{FAE04EC0-301F-11D3-BF4B-00C04F79EFBC}") = "CatalogoProdutosApi", "CatalogoProdutosApi.csproj", "{058D5536-EF8F-452C-9487-E968CD9DC73E}"
EndProject
Global
	GlobalSection(SolutionConfigurationPlatforms) = preSolution
		Debug|Any CPU = Debug|Any CPU
		Debug|x64 = Debug|x64
		Debug|x86 = Debug|x86
		Release|Any CPU = Release|Any CPU
		Release|x64 = Release|x64
		Release|x86 = Release|x86
	EndGlobalSection
	GlobalSection(SolutionProperties) = preSolution
		HideSolutionNode = FALSE
	EndGlobalSection
	GlobalSection(ProjectConfigurationPlatforms) = postSolution
		{058D5536-EF8F-452C-9487-E968CD9DC73E}.Debug|Any CPU.ActiveCfg = Debug|Any CPU
		{058D5536-EF8F-452C-9487-E968CD9DC73E}.Debug|Any CPU.Build.0 = Debug|Any CPU
		{058D5536-EF8F-452C-9487-E968CD9DC73E}.Debug|x64.ActiveCfg = Debug|Any CPU
		{058D5536-EF8F-452C-9487-E968CD9DC73E}.Debug|x64.Build.0 = Debug|Any CPU
		{058D5536-EF8F-452C-9487-E968CD9DC73E}.Debug|x86.ActiveCfg = Debug|Any CPU
		{058D5536-EF8F-452C-9487-E968CD9DC73E}.Debug|x86.Build.0 = Debug|Any CPU
		{058D5536-EF8F-452C-9487-E968CD9DC73E}.Release|Any CPU.ActiveCfg = Release|Any CPU
		{058D5536-EF8F-452C-9487-E968CD9DC73E}.Release|Any CPU.Build.0 = Release|Any CPU
		{058D5536-EF8F-452C-9487-E968CD9DC73E}.Release|x64.ActiveCfg = Release|Any CPU
		{058D5536-EF8F-452C-9487-E968CD9DC73E}.Release|x64.Build.0 = Release|Any CPU
		{058D5536-EF8F-452C-9487-E968CD9DC73E}.Release|x86.ActiveCfg = Release|Any CPU
		{058D5536-EF8F-452C-9487-E968CD9DC73E}.Release|x86.Build.0 = Release|Any CPU
	EndGlobalSection
EndGlobal
